
Microsoft Visual Studio Solution File, Format Version 12.00
# Visual Studio Version 17
VisualStudioVersion = 17.10.34928.147
MinimumVisualStudioVersion = 10.0.40219.1
Project("{FAE04EC0-301F-11D3-BF4B-00C04F79EFBC}") = "TaskManagerAPI", "TaskManagerAPI\TaskManagerAPI.csproj", "{B4D49F4E-52E8-4A70-903A-5DC7D582C403}"
EndProject
Global
	GlobalSection(SolutionConfigurationPlatforms) = preSolution
		Debug|Any CPU = Debug|Any CPU
		Release|Any CPU = Release|Any CPU
	EndGlobalSection
	GlobalSection(ProjectConfigurationPlatforms) = postSolution
		{B4D49F4E-52E8-4A70-903A-5DC7D582C403}.Debug|Any CPU.ActiveCfg = Debug|Any CPU
		{B4D49F4E-52E8-4A70-903A-5DC7D582C403}.Debug|Any CPU.Build.0 = Debug|Any CPU
		{B4D49F4E-52E8-4A70-903A-5DC7D582C403}.Release|Any CPU.ActiveCfg = Release|Any CPU
		{B4D49F4E-52E8-4A70-903A-5DC7D582C403}.Release|Any CPU.Build.0 = Release|Any CPU
	EndGlobalSection
	GlobalSection(SolutionProperties) = preSolution
		HideSolutionNode = FALSE
	EndGlobalSection
	GlobalSection(ExtensibilityGlobals) = postSolution
		SolutionGuid = {AD9D1979-7CE6-4842-AD44-4A3B5B5C4438}
	EndGlobalSection
EndGlobal
